
Microsoft Visual Studio Solution File, Format Version 12.00
# Visual Studio Version 16
VisualStudioVersion = 16.0.31702.278
MinimumVisualStudioVersion = 10.0.40219.1
Project("{FAE04EC0-301F-11D3-BF4B-00C04F79EFBC}") = "OOP", "OOP\OOP.csproj", "{C5E87CD8-248C-47AB-9C8B-20842BF36FD7}"
EndProject
Global
	GlobalSection(SolutionConfigurationPlatforms) = preSolution
		Debug|Any CPU = Debug|Any CPU
		Release|Any CPU = Release|Any CPU
	EndGlobalSection
	GlobalSection(ProjectConfigurationPlatforms) = postSolution
		{C5E87CD8-248C-47AB-9C8B-20842BF36FD7}.Debug|Any CPU.ActiveCfg = Debug|Any CPU
		{C5E87CD8-248C-47AB-9C8B-20842BF36FD7}.Debug|Any CPU.Build.0 = Debug|Any CPU
		{C5E87CD8-248C-47AB-9C8B-20842BF36FD7}.Release|Any CPU.ActiveCfg = Release|Any CPU
		{C5E87CD8-248C-47AB-9C8B-20842BF36FD7}.Release|Any CPU.Build.0 = Release|Any CPU
	EndGlobalSection
	GlobalSection(SolutionProperties) = preSolution
		HideSolutionNode = FALSE
	EndGlobalSection
	GlobalSection(ExtensibilityGlobals) = postSolution
		SolutionGuid = {A24563BF-CFF5-4799-A459-89A2671F2A6F}
	EndGlobalSection
EndGlobal
